// !$*UTF8*$!
{
	archiveVersion = 1;
	classes = {
	};
	objectVersion = 77;
	objects = {

/* Begin PBXBuildFile section */
		CA5CADE50000000000000014 /* CascadePlugins in Frameworks */ = {isa = PBXBuildFile; productRef = CA5CADE50000000000000004 /* CascadePlugins */; };
		CA5CADE50000000000000011 /* CascadePlugins in Frameworks */ = {isa = PBXBuildFile; productRef = CA5CADE50000000000000001 /* CascadePlugins */; };
		CA5CADE4000000000000000B /* CascadePluginHost in Frameworks */ = {isa = PBXBuildFile; productRef = CA5CADE4000000000000000A /* CascadePluginHost */; };
		CA5CADE4000000000000000F /* PluginHost.xpc in Embed XPC Services */ = {isa = PBXBuildFile; fileRef = CA5CADE40000000000000001 /* PluginHost.xpc */; };
		CA5CADE10CA10CA10CA1A003 /* CascadeKit in Frameworks */ = {isa = PBXBuildFile; productRef = CA5CADE10CA10CA10CA1A002 /* CascadeKit */; };
		CA5CADE10CA10CA10CA1A004 /* CascadeRuntime in Frameworks */ = {isa = PBXBuildFile; productRef = CA5CADE10CA10CA10CA1A005 /* CascadeRuntime */; };
		CA5CADE20000000000000001 /* Config/FFmpeg/Artifacts/arm64/ffmpeg in Embed FFmpeg Helpers */ = {isa = PBXBuildFile; fileRef = CA5CADE20000000000000011 /* Config/FFmpeg/Artifacts/arm64/ffmpeg */; settings = {ATTRIBUTES = (CodeSignOnCopy, RemoveHeadersOnCopy, ); }; };
		CA5CADE20000000000000002 /* Config/FFmpeg/Artifacts/arm64/ffprobe in Embed FFmpeg Helpers */ = {isa = PBXBuildFile; fileRef = CA5CADE20000000000000012 /* Config/FFmpeg/Artifacts/arm64/ffprobe */; settings = {ATTRIBUTES = (CodeSignOnCopy, RemoveHeadersOnCopy, ); }; };
		CA5CADE20000000000000003 /* Config/FFmpeg/Notices/FFmpeg-LICENSE.md in Copy FFmpeg Notices */ = {isa = PBXBuildFile; fileRef = CA5CADE20000000000000013 /* Config/FFmpeg/Notices/FFmpeg-LICENSE.md */; };
		CA5CADE20000000000000004 /* Config/FFmpeg/Notices/COPYING.LGPLv2.1 in Copy FFmpeg Notices */ = {isa = PBXBuildFile; fileRef = CA5CADE20000000000000014 /* Config/FFmpeg/Notices/COPYING.LGPLv2.1 */; };
		CA5CADE20000000000000005 /* Config/FFmpeg/Notices/NOTICE.txt in Copy FFmpeg Notices */ = {isa = PBXBuildFile; fileRef = CA5CADE20000000000000015 /* Config/FFmpeg/Notices/NOTICE.txt */; };
/* End PBXBuildFile section */

/* Begin PBXContainerItemProxy section */
		CA5CADE4000000000000000C /* PBXContainerItemProxy */ = {
			isa = PBXContainerItemProxy;
			containerPortal = 0403125F2FE4355A00BA9823 /* Project object */;
			proxyType = 1;
			remoteGlobalIDString = CA5CADE40000000000000003;
			remoteInfo = PluginHost;
		};
		040312752FE4355A00BA9823 /* PBXContainerItemProxy */ = {
			isa = PBXContainerItemProxy;
			containerPortal = 0403125F2FE4355A00BA9823 /* Project object */;
			proxyType = 1;
			remoteGlobalIDString = 040312662FE4355A00BA9823;
			remoteInfo = Cascade;
		};
		0403127F2FE4355A00BA9823 /* PBXContainerItemProxy */ = {
			isa = PBXContainerItemProxy;
			containerPortal = 0403125F2FE4355A00BA9823 /* Project object */;
			proxyType = 1;
			remoteGlobalIDString = 040312662FE4355A00BA9823;
			remoteInfo = Cascade;
		};
/* End PBXContainerItemProxy section */

/* Begin PBXCopyFilesBuildPhase section */
		CA5CADE4000000000000000E /* Embed XPC Services */ = {
			isa = PBXCopyFilesBuildPhase;
			buildActionMask = 2147483647;
			dstPath = "$(CONTENTS_FOLDER_PATH)/XPCServices";
			dstSubfolderSpec = 16;
			files = (
				CA5CADE4000000000000000F /* PluginHost.xpc in Embed XPC Services */,
			);
			name = "Embed XPC Services";
			runOnlyForDeploymentPostprocessing = 0;
		};
		CA5CADE20000000000000021 /* Copy FFmpeg Notices */ = {
			isa = PBXCopyFilesBuildPhase;
			buildActionMask = 2147483647;
			dstPath = ThirdParty/FFmpeg;
			dstSubfolderSpec = 7;
			files = (
				CA5CADE20000000000000003 /* Config/FFmpeg/Notices/FFmpeg-LICENSE.md in Copy FFmpeg Notices */,
				CA5CADE20000000000000004 /* Config/FFmpeg/Notices/COPYING.LGPLv2.1 in Copy FFmpeg Notices */,
				CA5CADE20000000000000005 /* Config/FFmpeg/Notices/NOTICE.txt in Copy FFmpeg Notices */,
			);
			name = "Copy FFmpeg Notices";
			runOnlyForDeploymentPostprocessing = 0;
		};
		CA5CADE20000000000000022 /* Embed FFmpeg Helpers */ = {
			isa = PBXCopyFilesBuildPhase;
			buildActionMask = 2147483647;
			dstPath = Contents/Helpers/FFmpeg;
			dstSubfolderSpec = 1;
			files = (
				CA5CADE20000000000000001 /* Config/FFmpeg/Artifacts/arm64/ffmpeg in Embed FFmpeg Helpers */,
				CA5CADE20000000000000002 /* Config/FFmpeg/Artifacts/arm64/ffprobe in Embed FFmpeg Helpers */,
			);
			name = "Embed FFmpeg Helpers";
			runOnlyForDeploymentPostprocessing = 1;
		};
/* End PBXCopyFilesBuildPhase section */

/* Begin PBXFileReference section */
		CA5CADE40000000000000001 /* PluginHost.xpc */ = {isa = PBXFileReference; explicitFileType = "wrapper.xpc-service"; includeInIndex = 0; path = PluginHost.xpc; sourceTree = BUILT_PRODUCTS_DIR; };
		040312672FE4355A00BA9823 /* Cascade.app */ = {isa = PBXFileReference; explicitFileType = wrapper.application; includeInIndex = 0; path = Cascade.app; sourceTree = BUILT_PRODUCTS_DIR; };
		040312742FE4355A00BA9823 /* CascadeTests.xctest */ = {isa = PBXFileReference; explicitFileType = wrapper.cfbundle; includeInIndex = 0; path = CascadeTests.xctest; sourceTree = BUILT_PRODUCTS_DIR; };
		0403127E2FE4355A00BA9823 /* CascadeUITests.xctest */ = {isa = PBXFileReference; explicitFileType = wrapper.cfbundle; includeInIndex = 0; path = CascadeUITests.xctest; sourceTree = BUILT_PRODUCTS_DIR; };
		CA5CADE20000000000000011 /* Config/FFmpeg/Artifacts/arm64/ffmpeg */ = {isa = PBXFileReference; explicitFileType = "compiled.mach-o.executable"; includeInIndex = 0; path = Config/FFmpeg/Artifacts/arm64/ffmpeg; sourceTree = SOURCE_ROOT; };
		CA5CADE20000000000000012 /* Config/FFmpeg/Artifacts/arm64/ffprobe */ = {isa = PBXFileReference; explicitFileType = "compiled.mach-o.executable"; includeInIndex = 0; path = Config/FFmpeg/Artifacts/arm64/ffprobe; sourceTree = SOURCE_ROOT; };
		CA5CADE20000000000000013 /* Config/FFmpeg/Notices/FFmpeg-LICENSE.md */ = {isa = PBXFileReference; lastKnownFileType = net.daringfireball.markdown; path = "Config/FFmpeg/Notices/FFmpeg-LICENSE.md"; sourceTree = SOURCE_ROOT; };
		CA5CADE20000000000000014 /* Config/FFmpeg/Notices/COPYING.LGPLv2.1 */ = {isa = PBXFileReference; lastKnownFileType = text; path = Config/FFmpeg/Notices/COPYING.LGPLv2.1; sourceTree = SOURCE_ROOT; };
		CA5CADE20000000000000015 /* Config/FFmpeg/Notices/NOTICE.txt */ = {isa = PBXFileReference; lastKnownFileType = text; path = Config/FFmpeg/Notices/NOTICE.txt; sourceTree = SOURCE_ROOT; };
		CA5CADE30000000000000001 /* Config/Signing.xcconfig */ = {isa = PBXFileReference; lastKnownFileType = text.xcconfig; path = Config/Signing.xcconfig; sourceTree = SOURCE_ROOT; };
/* End PBXFileReference section */

/* Begin PBXFileSystemSynchronizedRootGroup section */
		CA5CADE40000000000000002 /* PluginHost */ = {
			isa = PBXFileSystemSynchronizedRootGroup;
			path = PluginHost;
			sourceTree = "<group>";
		};
		040312692FE4355A00BA9823 /* Cascade */ = {
			isa = PBXFileSystemSynchronizedRootGroup;
			path = Cascade;
			sourceTree = "<group>";
		};
		040312772FE4355A00BA9823 /* CascadeTests */ = {
			isa = PBXFileSystemSynchronizedRootGroup;
			path = CascadeTests;
			sourceTree = "<group>";
		};
		040312812FE4355A00BA9823 /* CascadeUITests */ = {
			isa = PBXFileSystemSynchronizedRootGroup;
			path = CascadeUITests;
			sourceTree = "<group>";
		};
/* End PBXFileSystemSynchronizedRootGroup section */

/* Begin PBXFrameworksBuildPhase section */
		CA5CADE40000000000000005 /* Frameworks */ = {
			isa = PBXFrameworksBuildPhase;
			buildActionMask = 2147483647;
			files = (
				CA5CADE50000000000000014 /* CascadePlugins in Frameworks */,
				CA5CADE4000000000000000B /* CascadePluginHost in Frameworks */,
			);
			runOnlyForDeploymentPostprocessing = 0;
		};
		040312642FE4355A00BA9823 /* Frameworks */ = {
			isa = PBXFrameworksBuildPhase;
			buildActionMask = 2147483647;
			files = (
				CA5CADE50000000000000011 /* CascadePlugins in Frameworks */,
				CA5CADE10CA10CA10CA1A003 /* CascadeKit in Frameworks */,
				CA5CADE10CA10CA10CA1A004 /* CascadeRuntime in Frameworks */,
			);
			runOnlyForDeploymentPostprocessing = 0;
		};
		040312712FE4355A00BA9823 /* Frameworks */ = {
			isa = PBXFrameworksBuildPhase;
			buildActionMask = 2147483647;
			files = (
			);
			runOnlyForDeploymentPostprocessing = 0;
		};
		0403127B2FE4355A00BA9823 /* Frameworks */ = {
			isa = PBXFrameworksBuildPhase;
			buildActionMask = 2147483647;
			files = (
			);
			runOnlyForDeploymentPostprocessing = 0;
		};
/* End PBXFrameworksBuildPhase section */

/* Begin PBXGroup section */
		0403125E2FE4355A00BA9823 = {
			isa = PBXGroup;
			children = (
				CA5CADE30000000000000001 /* Config/Signing.xcconfig */,
				040312692FE4355A00BA9823 /* Cascade */,
				CA5CADE20000000000000031 /* FFmpeg Bundle Inputs */,
				CA5CADE40000000000000002 /* PluginHost */,
				040312772FE4355A00BA9823 /* CascadeTests */,
				040312812FE4355A00BA9823 /* CascadeUITests */,
				040312682FE4355A00BA9823 /* Products */,
			);
			sourceTree = "<group>";
		};
		040312682FE4355A00BA9823 /* Products */ = {
			isa = PBXGroup;
			children = (
				040312672FE4355A00BA9823 /* Cascade.app */,
				040312742FE4355A00BA9823 /* CascadeTests.xctest */,
				0403127E2FE4355A00BA9823 /* CascadeUITests.xctest */,
				CA5CADE40000000000000001 /* PluginHost.xpc */,
			);
			name = Products;
			sourceTree = "<group>";
		};
		CA5CADE20000000000000031 /* FFmpeg Bundle Inputs */ = {
			isa = PBXGroup;
			children = (
				CA5CADE20000000000000011 /* Config/FFmpeg/Artifacts/arm64/ffmpeg */,
				CA5CADE20000000000000012 /* Config/FFmpeg/Artifacts/arm64/ffprobe */,
				CA5CADE20000000000000013 /* Config/FFmpeg/Notices/FFmpeg-LICENSE.md */,
				CA5CADE20000000000000014 /* Config/FFmpeg/Notices/COPYING.LGPLv2.1 */,
				CA5CADE20000000000000015 /* Config/FFmpeg/Notices/NOTICE.txt */,
			);
			name = "FFmpeg Bundle Inputs";
			sourceTree = "<group>";
		};
/* End PBXGroup section */

/* Begin PBXNativeTarget section */
		CA5CADE40000000000000003 /* PluginHost */ = {
			isa = PBXNativeTarget;
			buildConfigurationList = CA5CADE40000000000000007 /* Build configuration list for PBXNativeTarget "PluginHost" */;
			buildPhases = (
				CA5CADE40000000000000004 /* Sources */,
				CA5CADE40000000000000005 /* Frameworks */,
				CA5CADE40000000000000006 /* Resources */,
			);
			buildRules = (
			);
			dependencies = (
			);
			fileSystemSynchronizedGroups = (
				CA5CADE40000000000000002 /* PluginHost */,
			);
			name = PluginHost;
			packageProductDependencies = (
				CA5CADE4000000000000000A /* CascadePluginHost */,
				CA5CADE50000000000000004 /* CascadePlugins */,
			);
			productName = PluginHost;
			productReference = CA5CADE40000000000000001 /* PluginHost.xpc */;
			productType = "com.apple.product-type.xpc-service";
		};
		040312662FE4355A00BA9823 /* Cascade */ = {
			isa = PBXNativeTarget;
			buildConfigurationList = 040312882FE4355A00BA9823 /* Build configuration list for PBXNativeTarget "Cascade" */;
			buildPhases = (
				040312632FE4355A00BA9823 /* Sources */,
				040312642FE4355A00BA9823 /* Frameworks */,
				CA5CADE20000000000000023 /* Verify FFmpeg Inputs */,
				040312652FE4355A00BA9823 /* Resources */,
				CA5CADE20000000000000021 /* Copy FFmpeg Notices */,
				CA5CADE20000000000000022 /* Embed FFmpeg Helpers */,
				CA5CADE4000000000000000E /* Embed XPC Services */,
			);
			buildRules = (
			);
			dependencies = (
				CA5CADE4000000000000000D /* PBXTargetDependency */,
			);
			fileSystemSynchronizedGroups = (
				040312692FE4355A00BA9823 /* Cascade */,
			);
			name = Cascade;
			packageProductDependencies = (
				CA5CADE10CA10CA10CA1A002 /* CascadeKit */,
				CA5CADE10CA10CA10CA1A005 /* CascadeRuntime */,
				CA5CADE50000000000000001 /* CascadePlugins */,
			);
			productName = Cascade;
			productReference = 040312672FE4355A00BA9823 /* Cascade.app */;
			productType = "com.apple.product-type.application";
		};
		040312732FE4355A00BA9823 /* CascadeTests */ = {
			isa = PBXNativeTarget;
			buildConfigurationList = 0403128B2FE4355A00BA9823 /* Build configuration list for PBXNativeTarget "CascadeTests" */;
			buildPhases = (
				040312702FE4355A00BA9823 /* Sources */,
				040312712FE4355A00BA9823 /* Frameworks */,
				040312722FE4355A00BA9823 /* Resources */,
			);
			buildRules = (
			);
			dependencies = (
				040312762FE4355A00BA9823 /* PBXTargetDependency */,
			);
			fileSystemSynchronizedGroups = (
				040312772FE4355A00BA9823 /* CascadeTests */,
			);
			name = CascadeTests;
			packageProductDependencies = (
			);
			productName = CascadeTests;
			productReference = 040312742FE4355A00BA9823 /* CascadeTests.xctest */;
			productType = "com.apple.product-type.bundle.unit-test";
		};
		0403127D2FE4355A00BA9823 /* CascadeUITests */ = {
			isa = PBXNativeTarget;
			buildConfigurationList = 0403128E2FE4355A00BA9823 /* Build configuration list for PBXNativeTarget "CascadeUITests" */;
			buildPhases = (
				0403127A2FE4355A00BA9823 /* Sources */,
				0403127B2FE4355A00BA9823 /* Frameworks */,
				0403127C2FE4355A00BA9823 /* Resources */,
			);
			buildRules = (
			);
			dependencies = (
				040312802FE4355A00BA9823 /* PBXTargetDependency */,
			);
			fileSystemSynchronizedGroups = (
				040312812FE4355A00BA9823 /* CascadeUITests */,
			);
			name = CascadeUITests;
			packageProductDependencies = (
			);
			productName = CascadeUITests;
			productReference = 0403127E2FE4355A00BA9823 /* CascadeUITests.xctest */;
			productType = "com.apple.product-type.bundle.ui-testing";
		};
/* End PBXNativeTarget section */

/* Begin PBXProject section */
		0403125F2FE4355A00BA9823 /* Project object */ = {
			isa = PBXProject;
			attributes = {
				BuildIndependentTargetsInParallel = 1;
				LastSwiftUpdateCheck = 2630;
				LastUpgradeCheck = 2700;
				TargetAttributes = {
					CA5CADE40000000000000003 = {
						CreatedOnToolsVersion = 26.3;
					};
					040312662FE4355A00BA9823 = {
						CreatedOnToolsVersion = 26.3;
					};
					040312732FE4355A00BA9823 = {
						CreatedOnToolsVersion = 26.3;
						TestTargetID = 040312662FE4355A00BA9823;
					};
					0403127D2FE4355A00BA9823 = {
						CreatedOnToolsVersion = 26.3;
						TestTargetID = 040312662FE4355A00BA9823;
					};
				};
			};
			buildConfigurationList = 040312622FE4355A00BA9823 /* Build configuration list for PBXProject "Cascade" */;
			developmentRegion = en;
			hasScannedForEncodings = 0;
			knownRegions = (
				en,
				Base,
				it,
			);
			mainGroup = 0403125E2FE4355A00BA9823;
			minimizedProjectReferenceProxies = 1;
			packageReferences = (
				CA5CADE10CA10CA10CA1A001 /* XCLocalSwiftPackageReference "CascadeKit" */,
			);
			preferredProjectObjectVersion = 77;
			productRefGroup = 040312682FE4355A00BA9823 /* Products */;
			projectDirPath = "";
			projectRoot = "";
			targets = (
				040312662FE4355A00BA9823 /* Cascade */,
				040312732FE4355A00BA9823 /* CascadeTests */,
				0403127D2FE4355A00BA9823 /* CascadeUITests */,
				CA5CADE40000000000000003 /* PluginHost */,
			);
		};
/* End PBXProject section */

/* Begin PBXResourcesBuildPhase section */
		CA5CADE40000000000000006 /* Resources */ = {
			isa = PBXResourcesBuildPhase;
			buildActionMask = 2147483647;
			files = (
			);
			runOnlyForDeploymentPostprocessing = 0;
		};
		040312652FE4355A00BA9823 /* Resources */ = {
			isa = PBXResourcesBuildPhase;
			buildActionMask = 2147483647;
			files = (
			);
			runOnlyForDeploymentPostprocessing = 0;
		};
		040312722FE4355A00BA9823 /* Resources */ = {
			isa = PBXResourcesBuildPhase;
			buildActionMask = 2147483647;
			files = (
			);
			runOnlyForDeploymentPostprocessing = 0;
		};
		0403127C2FE4355A00BA9823 /* Resources */ = {
			isa = PBXResourcesBuildPhase;
			buildActionMask = 2147483647;
			files = (
			);
			runOnlyForDeploymentPostprocessing = 0;
		};
/* End PBXResourcesBuildPhase section */

/* Begin PBXShellScriptBuildPhase section */
		CA5CADE20000000000000023 /* Verify FFmpeg Inputs */ = {
			isa = PBXShellScriptBuildPhase;
			buildActionMask = 2147483647;
			files = (
			);
			inputFileListPaths = (
			);
			inputPaths = (
				"$(SRCROOT)/scripts/verify-ffmpeg.sh",
				"$(SRCROOT)/Config/FFmpeg/manifest.json",
				"$(SRCROOT)/Config/FFmpeg/Artifacts/arm64/ffmpeg",
				"$(SRCROOT)/Config/FFmpeg/Artifacts/arm64/ffprobe",
				"$(SRCROOT)/Config/FFmpeg/Notices/FFmpeg-LICENSE.md",
				"$(SRCROOT)/Config/FFmpeg/Notices/COPYING.LGPLv2.1",
				"$(SRCROOT)/Config/FFmpeg/Notices/NOTICE.txt",
			);
			name = "Verify FFmpeg Inputs";
			outputFileListPaths = (
			);
			outputPaths = (
				"$(DERIVED_FILE_DIR)/ffmpeg-verified.stamp",
			);
			runOnlyForDeploymentPostprocessing = 1;
			shellPath = /bin/sh;
			shellScript = "set -eu\nfor architecture in $ARCHS; do\n    CASCADE_FFMPEG_VERIFY_SCRATCH=\"$TARGET_TEMP_DIR/FFmpegVerification\" /bin/zsh \"$SRCROOT/scripts/verify-ffmpeg.sh\" \"$SRCROOT/Config/FFmpeg/Artifacts/arm64\" --arch \"$architecture\" --manifest \"$SRCROOT/Config/FFmpeg/manifest.json\"\ndone\n/usr/bin/touch \"$DERIVED_FILE_DIR/ffmpeg-verified.stamp\"\n";
		};
/* End PBXShellScriptBuildPhase section */

/* Begin PBXSourcesBuildPhase section */
		CA5CADE40000000000000004 /* Sources */ = {
			isa = PBXSourcesBuildPhase;
			buildActionMask = 2147483647;
			files = (
			);
			runOnlyForDeploymentPostprocessing = 0;
		};
		040312632FE4355A00BA9823 /* Sources */ = {
			isa = PBXSourcesBuildPhase;
			buildActionMask = 2147483647;
			files = (
			);
			runOnlyForDeploymentPostprocessing = 0;
		};
		040312702FE4355A00BA9823 /* Sources */ = {
			isa = PBXSourcesBuildPhase;
			buildActionMask = 2147483647;
			files = (
			);
			runOnlyForDeploymentPostprocessing = 0;
		};
		0403127A2FE4355A00BA9823 /* Sources */ = {
			isa = PBXSourcesBuildPhase;
			buildActionMask = 2147483647;
			files = (
			);
			runOnlyForDeploymentPostprocessing = 0;
		};
/* End PBXSourcesBuildPhase section */

/* Begin PBXTargetDependency section */
		CA5CADE4000000000000000D /* PBXTargetDependency */ = {
			isa = PBXTargetDependency;
			target = CA5CADE40000000000000003 /* PluginHost */;
			targetProxy = CA5CADE4000000000000000C /* PBXContainerItemProxy */;
		};
		040312762FE4355A00BA9823 /* PBXTargetDependency */ = {
			isa = PBXTargetDependency;
			target = 040312662FE4355A00BA9823 /* Cascade */;
			targetProxy = 040312752FE4355A00BA9823 /* PBXContainerItemProxy */;
		};
		040312802FE4355A00BA9823 /* PBXTargetDependency */ = {
			isa = PBXTargetDependency;
			target = 040312662FE4355A00BA9823 /* Cascade */;
			targetProxy = 0403127F2FE4355A00BA9823 /* PBXContainerItemProxy */;
		};
/* End PBXTargetDependency section */

/* Begin XCBuildConfiguration section */
		CA5CADE40000000000000008 /* Debug */ = {
			isa = XCBuildConfiguration;
			buildSettings = {
				CURRENT_PROJECT_VERSION = 1;
				DEAD_CODE_STRIPPING = YES;
				ENABLE_APP_SANDBOX = NO;
				ENABLE_HARDENED_RUNTIME = YES;
				GENERATE_INFOPLIST_FILE = YES;
				INFOPLIST_FILE = "Config/PluginHost-Info.plist";
				LD_RUNPATH_SEARCH_PATHS = (
					"$(inherited)",
					"@executable_path/../Frameworks",
				);
				MARKETING_VERSION = 1.0;
				PRODUCT_BUNDLE_IDENTIFIER = hylo.Cascade.PluginHost;
				PRODUCT_NAME = "$(TARGET_NAME)";
				SKIP_INSTALL = YES;
				SWIFT_APPROACHABLE_CONCURRENCY = YES;
				SWIFT_UPCOMING_FEATURE_MEMBER_IMPORT_VISIBILITY = YES;
				SWIFT_VERSION = 6.0;
			};
			name = Debug;
		};
		CA5CADE40000000000000009 /* Release */ = {
			isa = XCBuildConfiguration;
			buildSettings = {
				CURRENT_PROJECT_VERSION = 1;
				DEAD_CODE_STRIPPING = YES;
				ENABLE_APP_SANDBOX = NO;
				ENABLE_HARDENED_RUNTIME = YES;
				GENERATE_INFOPLIST_FILE = YES;
				INFOPLIST_FILE = "Config/PluginHost-Info.plist";
				LD_RUNPATH_SEARCH_PATHS = (
					"$(inherited)",
					"@executable_path/../Frameworks",
				);
				MARKETING_VERSION = 1.0;
				PRODUCT_BUNDLE_IDENTIFIER = hylo.Cascade.PluginHost;
				PRODUCT_NAME = "$(TARGET_NAME)";
				SKIP_INSTALL = YES;
				SWIFT_APPROACHABLE_CONCURRENCY = YES;
				SWIFT_UPCOMING_FEATURE_MEMBER_IMPORT_VISIBILITY = YES;
				SWIFT_VERSION = 6.0;
			};
			name = Release;
		};
		040312862FE4355A00BA9823 /* Debug */ = {
			isa = XCBuildConfiguration;
			baseConfigurationReference = CA5CADE30000000000000001 /* Config/Signing.xcconfig */;
			buildSettings = {
				ALWAYS_SEARCH_USER_PATHS = NO;
				ASSETCATALOG_COMPILER_GENERATE_SWIFT_ASSET_SYMBOL_EXTENSIONS = YES;
				CLANG_ANALYZER_NONNULL = YES;
				CLANG_ANALYZER_NUMBER_OBJECT_CONVERSION = YES_AGGRESSIVE;
				CLANG_CXX_LANGUAGE_STANDARD = "gnu++20";
				CLANG_ENABLE_MODULES = YES;
				CLANG_ENABLE_OBJC_ARC = YES;
				CLANG_ENABLE_OBJC_WEAK = YES;
				CLANG_WARN_BLOCK_CAPTURE_AUTORELEASING = YES;
				CLANG_WARN_BOOL_CONVERSION = YES;
				CLANG_WARN_COMMA = YES;
				CLANG_WARN_CONSTANT_CONVERSION = YES;
				CLANG_WARN_DEPRECATED_OBJC_IMPLEMENTATIONS = YES;
				CLANG_WARN_DIRECT_OBJC_ISA_USAGE = YES_ERROR;
				CLANG_WARN_DOCUMENTATION_COMMENTS = YES;
				CLANG_WARN_EMPTY_BODY = YES;
				CLANG_WARN_ENUM_CONVERSION = YES;
				CLANG_WARN_INFINITE_RECURSION = YES;
				CLANG_WARN_INT_CONVERSION = YES;
				CLANG_WARN_NON_LITERAL_NULL_CONVERSION = YES;
				CLANG_WARN_OBJC_IMPLICIT_RETAIN_SELF = YES;
				CLANG_WARN_OBJC_LITERAL_CONVERSION = YES;
				CLANG_WARN_OBJC_ROOT_CLASS = YES_ERROR;
				CLANG_WARN_QUOTED_INCLUDE_IN_FRAMEWORK_HEADER = YES;
				CLANG_WARN_RANGE_LOOP_ANALYSIS = YES;
				CLANG_WARN_STRICT_PROTOTYPES = YES;
				CLANG_WARN_SUSPICIOUS_MOVE = YES;
				CLANG_WARN_UNGUARDED_AVAILABILITY = YES_AGGRESSIVE;
				CLANG_WARN_UNREACHABLE_CODE = YES;
				CLANG_WARN__DUPLICATE_METHOD_MATCH = YES;
				COPY_PHASE_STRIP = NO;
				DEAD_CODE_STRIPPING = YES;
				DEBUG_INFORMATION_FORMAT = dwarf;
				ENABLE_STRICT_OBJC_MSGSEND = YES;
				ENABLE_TESTABILITY = YES;
				ENABLE_USER_SCRIPT_SANDBOXING = YES;
				GCC_C_LANGUAGE_STANDARD = gnu17;
				GCC_DYNAMIC_NO_PIC = NO;
				GCC_NO_COMMON_BLOCKS = YES;
				GCC_OPTIMIZATION_LEVEL = 0;
				GCC_PREPROCESSOR_DEFINITIONS = (
					"DEBUG=1",
					"$(inherited)",
				);
				GCC_WARN_64_TO_32_BIT_CONVERSION = YES;
				GCC_WARN_ABOUT_RETURN_TYPE = YES_ERROR;
				GCC_WARN_UNDECLARED_SELECTOR = YES;
				GCC_WARN_UNINITIALIZED_AUTOS = YES_AGGRESSIVE;
				GCC_WARN_UNUSED_FUNCTION = YES;
				GCC_WARN_UNUSED_VARIABLE = YES;
				LOCALIZATION_PREFERS_STRING_CATALOGS = YES;
				MACOSX_DEPLOYMENT_TARGET = 15.0;
				MTL_ENABLE_DEBUG_INFO = INCLUDE_SOURCE;
				MTL_FAST_MATH = YES;
				ONLY_ACTIVE_ARCH = YES;
				SDKROOT = macosx;
				STRING_CATALOG_GENERATE_SYMBOLS = YES;
				SWIFT_ACTIVE_COMPILATION_CONDITIONS = "DEBUG $(inherited)";
				SWIFT_OPTIMIZATION_LEVEL = "-Onone";
			};
			name = Debug;
		};
		040312872FE4355A00BA9823 /* Release */ = {
			isa = XCBuildConfiguration;
			baseConfigurationReference = CA5CADE30000000000000001 /* Config/Signing.xcconfig */;
			buildSettings = {
				ALWAYS_SEARCH_USER_PATHS = NO;
				ASSETCATALOG_COMPILER_GENERATE_SWIFT_ASSET_SYMBOL_EXTENSIONS = YES;
				CLANG_ANALYZER_NONNULL = YES;
				CLANG_ANALYZER_NUMBER_OBJECT_CONVERSION = YES_AGGRESSIVE;
				CLANG_CXX_LANGUAGE_STANDARD = "gnu++20";
				CLANG_ENABLE_MODULES = YES;
				CLANG_ENABLE_OBJC_ARC = YES;
				CLANG_ENABLE_OBJC_WEAK = YES;
				CLANG_WARN_BLOCK_CAPTURE_AUTORELEASING = YES;
				CLANG_WARN_BOOL_CONVERSION = YES;
				CLANG_WARN_COMMA = YES;
				CLANG_WARN_CONSTANT_CONVERSION = YES;
				CLANG_WARN_DEPRECATED_OBJC_IMPLEMENTATIONS = YES;
				CLANG_WARN_DIRECT_OBJC_ISA_USAGE = YES_ERROR;
				CLANG_WARN_DOCUMENTATION_COMMENTS = YES;
				CLANG_WARN_EMPTY_BODY = YES;
				CLANG_WARN_ENUM_CONVERSION = YES;
				CLANG_WARN_INFINITE_RECURSION = YES;
				CLANG_WARN_INT_CONVERSION = YES;
				CLANG_WARN_NON_LITERAL_NULL_CONVERSION = YES;
				CLANG_WARN_OBJC_IMPLICIT_RETAIN_SELF = YES;
				CLANG_WARN_OBJC_LITERAL_CONVERSION = YES;
				CLANG_WARN_OBJC_ROOT_CLASS = YES_ERROR;
				CLANG_WARN_QUOTED_INCLUDE_IN_FRAMEWORK_HEADER = YES;
				CLANG_WARN_RANGE_LOOP_ANALYSIS = YES;
				CLANG_WARN_STRICT_PROTOTYPES = YES;
				CLANG_WARN_SUSPICIOUS_MOVE = YES;
				CLANG_WARN_UNGUARDED_AVAILABILITY = YES_AGGRESSIVE;
				CLANG_WARN_UNREACHABLE_CODE = YES;
				CLANG_WARN__DUPLICATE_METHOD_MATCH = YES;
				COPY_PHASE_STRIP = NO;
				DEAD_CODE_STRIPPING = YES;
				DEBUG_INFORMATION_FORMAT = "dwarf-with-dsym";
				ENABLE_NS_ASSERTIONS = NO;
				ENABLE_STRICT_OBJC_MSGSEND = YES;
				ENABLE_USER_SCRIPT_SANDBOXING = YES;
				GCC_C_LANGUAGE_STANDARD = gnu17;
				GCC_NO_COMMON_BLOCKS = YES;
				GCC_WARN_64_TO_32_BIT_CONVERSION = YES;
				GCC_WARN_ABOUT_RETURN_TYPE = YES_ERROR;
				GCC_WARN_UNDECLARED_SELECTOR = YES;
				GCC_WARN_UNINITIALIZED_AUTOS = YES_AGGRESSIVE;
				GCC_WARN_UNUSED_FUNCTION = YES;
				GCC_WARN_UNUSED_VARIABLE = YES;
				LOCALIZATION_PREFERS_STRING_CATALOGS = YES;
				MACOSX_DEPLOYMENT_TARGET = 15.0;
				MTL_ENABLE_DEBUG_INFO = NO;
				MTL_FAST_MATH = YES;
				SDKROOT = macosx;
				STRING_CATALOG_GENERATE_SYMBOLS = YES;
				SWIFT_COMPILATION_MODE = wholemodule;
			};
			name = Release;
		};
		040312892FE4355A00BA9823 /* Debug */ = {
			isa = XCBuildConfiguration;
			buildSettings = {
				ASSETCATALOG_COMPILER_APPICON_NAME = AppIcon;
				ASSETCATALOG_COMPILER_GLOBAL_ACCENT_COLOR_NAME = AccentColor;
				CODE_SIGN_ENTITLEMENTS = Cascade/Cascade.entitlements;
				COMBINE_HIDPI_IMAGES = YES;
				CURRENT_PROJECT_VERSION = 1;
				DEAD_CODE_STRIPPING = YES;
				ENABLE_APP_SANDBOX = NO;
				ENABLE_HARDENED_RUNTIME = YES;
				ENABLE_PREVIEWS = YES;
				ENABLE_USER_SELECTED_FILES = readonly;
				GENERATE_INFOPLIST_FILE = YES;
				INFOPLIST_FILE = "Config/Cascade-Info.plist";
				INFOPLIST_KEY_NSAppleEventsUsageDescription = "Cascade reads the track that is playing and controls Apple Music and Spotify from the notch.";
				INFOPLIST_KEY_NSBluetoothAlwaysUsageDescription = "Cascade shows the connection notices of your Bluetooth devices in the notch.";
				INFOPLIST_KEY_NSHumanReadableCopyright = "";
				LD_RUNPATH_SEARCH_PATHS = (
					"$(inherited)",
					"@executable_path/../Frameworks",
				);
				MARKETING_VERSION = 1.0;
				PRODUCT_BUNDLE_IDENTIFIER = hylo.Cascade;
				PRODUCT_NAME = "$(TARGET_NAME)";
				REGISTER_APP_GROUPS = YES;
				STRING_CATALOG_GENERATE_SYMBOLS = YES;
				SWIFT_APPROACHABLE_CONCURRENCY = YES;
				SWIFT_DEFAULT_ACTOR_ISOLATION = MainActor;
				SWIFT_EMIT_LOC_STRINGS = YES;
				SWIFT_UPCOMING_FEATURE_MEMBER_IMPORT_VISIBILITY = YES;
				SWIFT_VERSION = 6.0;
			};
			name = Debug;
		};
		0403128A2FE4355A00BA9823 /* Release */ = {
			isa = XCBuildConfiguration;
			buildSettings = {
				ASSETCATALOG_COMPILER_APPICON_NAME = AppIcon;
				ASSETCATALOG_COMPILER_GLOBAL_ACCENT_COLOR_NAME = AccentColor;
				CODE_SIGN_ENTITLEMENTS = Cascade/Cascade.entitlements;
				COMBINE_HIDPI_IMAGES = YES;
				CURRENT_PROJECT_VERSION = 1;
				DEAD_CODE_STRIPPING = YES;
				ENABLE_APP_SANDBOX = NO;
				ENABLE_HARDENED_RUNTIME = YES;
				ENABLE_PREVIEWS = YES;
				ENABLE_USER_SELECTED_FILES = readonly;
				GENERATE_INFOPLIST_FILE = YES;
				INFOPLIST_FILE = "Config/Cascade-Info.plist";
				INFOPLIST_KEY_NSAppleEventsUsageDescription = "Cascade reads the track that is playing and controls Apple Music and Spotify from the notch.";
				INFOPLIST_KEY_NSBluetoothAlwaysUsageDescription = "Cascade shows the connection notices of your Bluetooth devices in the notch.";
				INFOPLIST_KEY_NSHumanReadableCopyright = "";
				LD_RUNPATH_SEARCH_PATHS = (
					"$(inherited)",
					"@executable_path/../Frameworks",
				);
				MARKETING_VERSION = 1.0;
				PRODUCT_BUNDLE_IDENTIFIER = hylo.Cascade;
				PRODUCT_NAME = "$(TARGET_NAME)";
				REGISTER_APP_GROUPS = YES;
				STRING_CATALOG_GENERATE_SYMBOLS = YES;
				SWIFT_APPROACHABLE_CONCURRENCY = YES;
				SWIFT_DEFAULT_ACTOR_ISOLATION = MainActor;
				SWIFT_EMIT_LOC_STRINGS = YES;
				SWIFT_UPCOMING_FEATURE_MEMBER_IMPORT_VISIBILITY = YES;
				SWIFT_VERSION = 6.0;
			};
			name = Release;
		};
		0403128C2FE4355A00BA9823 /* Debug */ = {
			isa = XCBuildConfiguration;
			buildSettings = {
				BUNDLE_LOADER = "$(TEST_HOST)";
				CURRENT_PROJECT_VERSION = 1;
				DEAD_CODE_STRIPPING = YES;
				GENERATE_INFOPLIST_FILE = YES;
				INFOPLIST_FILE = "Config/Cascade-Info.plist";
				MACOSX_DEPLOYMENT_TARGET = 15.0;
				MARKETING_VERSION = 1.0;
				PRODUCT_BUNDLE_IDENTIFIER = hylo.CascadeTests;
				PRODUCT_NAME = "$(TARGET_NAME)";
				STRING_CATALOG_GENERATE_SYMBOLS = NO;
				SWIFT_APPROACHABLE_CONCURRENCY = YES;
				SWIFT_EMIT_LOC_STRINGS = NO;
				SWIFT_UPCOMING_FEATURE_MEMBER_IMPORT_VISIBILITY = YES;
				SWIFT_VERSION = 5.0;
				TEST_HOST = "$(BUILT_PRODUCTS_DIR)/Cascade.app/$(BUNDLE_EXECUTABLE_FOLDER_PATH)/Cascade";
			};
			name = Debug;
		};
		0403128D2FE4355A00BA9823 /* Release */ = {
			isa = XCBuildConfiguration;
			buildSettings = {
				BUNDLE_LOADER = "$(TEST_HOST)";
				CURRENT_PROJECT_VERSION = 1;
				DEAD_CODE_STRIPPING = YES;
				GENERATE_INFOPLIST_FILE = YES;
				INFOPLIST_FILE = "Config/Cascade-Info.plist";
				MACOSX_DEPLOYMENT_TARGET = 15.0;
				MARKETING_VERSION = 1.0;
				PRODUCT_BUNDLE_IDENTIFIER = hylo.CascadeTests;
				PRODUCT_NAME = "$(TARGET_NAME)";
				STRING_CATALOG_GENERATE_SYMBOLS = NO;
				SWIFT_APPROACHABLE_CONCURRENCY = YES;
				SWIFT_EMIT_LOC_STRINGS = NO;
				SWIFT_UPCOMING_FEATURE_MEMBER_IMPORT_VISIBILITY = YES;
				SWIFT_VERSION = 5.0;
				TEST_HOST = "$(BUILT_PRODUCTS_DIR)/Cascade.app/$(BUNDLE_EXECUTABLE_FOLDER_PATH)/Cascade";
			};
			name = Release;
		};
		0403128F2FE4355A00BA9823 /* Debug */ = {
			isa = XCBuildConfiguration;
			buildSettings = {
				CURRENT_PROJECT_VERSION = 1;
				DEAD_CODE_STRIPPING = YES;
				GENERATE_INFOPLIST_FILE = YES;
				INFOPLIST_FILE = "Config/Cascade-Info.plist";
				MARKETING_VERSION = 1.0;
				PRODUCT_BUNDLE_IDENTIFIER = hylo.CascadeUITests;
				PRODUCT_NAME = "$(TARGET_NAME)";
				STRING_CATALOG_GENERATE_SYMBOLS = NO;
				SWIFT_APPROACHABLE_CONCURRENCY = YES;
				SWIFT_EMIT_LOC_STRINGS = NO;
				SWIFT_UPCOMING_FEATURE_MEMBER_IMPORT_VISIBILITY = YES;
				SWIFT_VERSION = 5.0;
				TEST_TARGET_NAME = Cascade;
			};
			name = Debug;
		};
		040312902FE4355A00BA9823 /* Release */ = {
			isa = XCBuildConfiguration;
			buildSettings = {
				CURRENT_PROJECT_VERSION = 1;
				DEAD_CODE_STRIPPING = YES;
				GENERATE_INFOPLIST_FILE = YES;
				INFOPLIST_FILE = "Config/Cascade-Info.plist";
				MARKETING_VERSION = 1.0;
				PRODUCT_BUNDLE_IDENTIFIER = hylo.CascadeUITests;
				PRODUCT_NAME = "$(TARGET_NAME)";
				STRING_CATALOG_GENERATE_SYMBOLS = NO;
				SWIFT_APPROACHABLE_CONCURRENCY = YES;
				SWIFT_EMIT_LOC_STRINGS = NO;
				SWIFT_UPCOMING_FEATURE_MEMBER_IMPORT_VISIBILITY = YES;
				SWIFT_VERSION = 5.0;
				TEST_TARGET_NAME = Cascade;
			};
			name = Release;
		};
/* End XCBuildConfiguration section */

/* Begin XCConfigurationList section */
		CA5CADE40000000000000007 /* Build configuration list for PBXNativeTarget "PluginHost" */ = {
			isa = XCConfigurationList;
			buildConfigurations = (
				CA5CADE40000000000000008 /* Debug */,
				CA5CADE40000000000000009 /* Release */,
			);
			defaultConfigurationIsVisible = 0;
			defaultConfigurationName = Release;
		};
		040312622FE4355A00BA9823 /* Build configuration list for PBXProject "Cascade" */ = {
			isa = XCConfigurationList;
			buildConfigurations = (
				040312862FE4355A00BA9823 /* Debug */,
				040312872FE4355A00BA9823 /* Release */,
			);
			defaultConfigurationIsVisible = 0;
			defaultConfigurationName = Release;
		};
		040312882FE4355A00BA9823 /* Build configuration list for PBXNativeTarget "Cascade" */ = {
			isa = XCConfigurationList;
			buildConfigurations = (
				040312892FE4355A00BA9823 /* Debug */,
				0403128A2FE4355A00BA9823 /* Release */,
			);
			defaultConfigurationIsVisible = 0;
			defaultConfigurationName = Release;
		};
		0403128B2FE4355A00BA9823 /* Build configuration list for PBXNativeTarget "CascadeTests" */ = {
			isa = XCConfigurationList;
			buildConfigurations = (
				0403128C2FE4355A00BA9823 /* Debug */,
				0403128D2FE4355A00BA9823 /* Release */,
			);
			defaultConfigurationIsVisible = 0;
			defaultConfigurationName = Release;
		};
		0403128E2FE4355A00BA9823 /* Build configuration list for PBXNativeTarget "CascadeUITests" */ = {
			isa = XCConfigurationList;
			buildConfigurations = (
				0403128F2FE4355A00BA9823 /* Debug */,
				040312902FE4355A00BA9823 /* Release */,
			);
			defaultConfigurationIsVisible = 0;
			defaultConfigurationName = Release;
		};
/* End XCConfigurationList section */

/* Begin XCLocalSwiftPackageReference section */
		CA5CADE10CA10CA10CA1A001 /* XCLocalSwiftPackageReference "CascadeKit" */ = {
			isa = XCLocalSwiftPackageReference;
			relativePath = CascadeKit;
		};
/* End XCLocalSwiftPackageReference section */

/* Begin XCSwiftPackageProductDependency section */
		CA5CADE50000000000000004 /* CascadePlugins */ = {
			isa = XCSwiftPackageProductDependency;
			productName = CascadePlugins;
		};
		CA5CADE50000000000000001 /* CascadePlugins */ = {
			isa = XCSwiftPackageProductDependency;
			productName = CascadePlugins;
		};
		CA5CADE4000000000000000A /* CascadePluginHost */ = {
			isa = XCSwiftPackageProductDependency;
			productName = CascadePluginHost;
		};
		CA5CADE10CA10CA10CA1A002 /* CascadeKit */ = {
			isa = XCSwiftPackageProductDependency;
			productName = CascadeKit;
		};
		CA5CADE10CA10CA10CA1A005 /* CascadeRuntime */ = {
			isa = XCSwiftPackageProductDependency;
			productName = CascadeRuntime;
		};
/* End XCSwiftPackageProductDependency section */
	};
	rootObject = 0403125F2FE4355A00BA9823 /* Project object */;
}
